
Microsoft Visual Studio Solution File, Format Version 12.00
# Visual Studio 14
VisualStudioVersion = 14.0.24720.0
MinimumVisualStudioVersion = 10.0.40219.1
Project("{8BC9CEB8-8B4A-11D0-8D11-00A0C91BC942}") = "sanear-dll", "src\sanear-dll.vcxproj", "{E02FD084-ED17-46C7-B5A6-F0BBB7966BBB}"
EndProject
Project("{8BC9CEB8-8B4A-11D0-8D11-00A0C91BC942}") = "sanear", "..\sanear.vcxproj", "{BB2B61AF-734A-4DAD-9326-07F4F9EA088F}"
EndProject
Project("{8BC9CEB8-8B4A-11D0-8D11-00A0C91BC942}") = "baseclasses", "src\baseclasses.vcxproj", "{B8375339-1932-4CC0-AE5B-257672078E41}"
EndProject
Project("{8BC9CEB8-8B4A-11D0-8D11-00A0C91BC942}") = "bs2b", "src\bs2b.vcxproj", "{C59B751C-F10D-4DE0-B580-73CB03B27B6E}"
EndProject
Project("{8BC9CEB8-8B4A-11D0-8D11-00A0C91BC942}") = "soxr", "src\soxr.vcxproj", "{2D2A92FF-1FB6-4926-AFFB-5E00D27939FC}"
EndProject
Project("{8BC9CEB8-8B4A-11D0-8D11-00A0C91BC942}") = "soundtouch", "src\soundtouch.vcxproj", "{3C1B816A-645C-4E1F-A006-5C47263E59C5}"
EndProject
Project("{8BC9CEB8-8B4A-11D0-8D11-00A0C91BC942}") = "rubberband", "src\rubberband.vcxproj", "{863E6128-1F58-4371-A282-0FCC62DFF747}"
EndProject
Global
	GlobalSection(SolutionConfigurationPlatforms) = preSolution
		Debug|Win32 = Debug|Win32
		Debug|x64 = Debug|x64
		Release|Win32 = Release|Win32
		Release|x64 = Release|x64
	EndGlobalSection
	GlobalSection(ProjectConfigurationPlatforms) = postSolution
		{E02FD084-ED17-46C7-B5A6-F0BBB7966BBB}.Debug|Win32.ActiveCfg = Debug|Win32
		{E02FD084-ED17-46C7-B5A6-F0BBB7966BBB}.Debug|Win32.Build.0 = Debug|Win32
		{E02FD084-ED17-46C7-B5A6-F0BBB7966BBB}.Debug|x64.ActiveCfg = Debug|x64
		{E02FD084-ED17-46C7-B5A6-F0BBB7966BBB}.Debug|x64.Build.0 = Debug|x64
		{E02FD084-ED17-46C7-B5A6-F0BBB7966BBB}.Release|Win32.ActiveCfg = Release|Win32
		{E02FD084-ED17-46C7-B5A6-F0BBB7966BBB}.Release|Win32.Build.0 = Release|Win32
		{E02FD084-ED17-46C7-B5A6-F0BBB7966BBB}.Release|x64.ActiveCfg = Release|x64
		{E02FD084-ED17-46C7-B5A6-F0BBB7966BBB}.Release|x64.Build.0 = Release|x64
		{BB2B61AF-734A-4DAD-9326-07F4F9EA088F}.Debug|Win32.ActiveCfg = Debug|Win32
		{BB2B61AF-734A-4DAD-9326-07F4F9EA088F}.Debug|Win32.Build.0 = Debug|Win32
		{BB2B61AF-734A-4DAD-9326-07F4F9EA088F}.Debug|x64.ActiveCfg = Debug|x64
		{BB2B61AF-734A-4DAD-9326-07F4F9EA088F}.Debug|x64.Build.0 = Debug|x64
		{BB2B61AF-734A-4DAD-9326-07F4F9EA088F}.Release|Win32.ActiveCfg = Release|Win32
		{BB2B61AF-734A-4DAD-9326-07F4F9EA088F}.Release|Win32.Build.0 = Release|Win32
		{BB2B61AF-734A-4DAD-9326-07F4F9EA088F}.Release|x64.ActiveCfg = Release|x64
		{BB2B61AF-734A-4DAD-9326-07F4F9EA088F}.Release|x64.Build.0 = Release|x64
		{B8375339-1932-4CC0-AE5B-257672078E41}.Debug|Win32.ActiveCfg = Debug|Win32
		{B8375339-1932-4CC0-AE5B-257672078E41}.Debug|Win32.Build.0 = Debug|Win32
		{B8375339-1932-4CC0-AE5B-257672078E41}.Debug|x64.ActiveCfg = Debug|x64
		{B8375339-1932-4CC0-AE5B-257672078E41}.Debug|x64.Build.0 = Debug|x64
		{B8375339-1932-4CC0-AE5B-257672078E41}.Release|Win32.ActiveCfg = Release|Win32
		{B8375339-1932-4CC0-AE5B-257672078E41}.Release|Win32.Build.0 = Release|Win32
		{B8375339-1932-4CC0-AE5B-257672078E41}.Release|x64.ActiveCfg = Release|x64
		{B8375339-1932-4CC0-AE5B-257672078E41}.Release|x64.Build.0 = Release|x64
		{C59B751C-F10D-4DE0-B580-73CB03B27B6E}.Debug|Win32.ActiveCfg = Debug|Win32
		{C59B751C-F10D-4DE0-B580-73CB03B27B6E}.Debug|Win32.Build.0 = Debug|Win32
		{C59B751C-F10D-4DE0-B580-73CB03B27B6E}.Debug|x64.ActiveCfg = Debug|x64
		{C59B751C-F10D-4DE0-B580-73CB03B27B6E}.Debug|x64.Build.0 = Debug|x64
		{C59B751C-F10D-4DE0-B580-73CB03B27B6E}.Release|Win32.ActiveCfg = Release|Win32
		{C59B751C-F10D-4DE0-B580-73CB03B27B6E}.Release|Win32.Build.0 = Release|Win32
		{C59B751C-F10D-4DE0-B580-73CB03B27B6E}.Release|x64.ActiveCfg = Release|x64
		{C59B751C-F10D-4DE0-B580-73CB03B27B6E}.Release|x64.Build.0 = Release|x64
		{2D2A92FF-1FB6-4926-AFFB-5E00D27939FC}.Debug|Win32.ActiveCfg = Debug|Win32
		{2D2A92FF-1FB6-4926-AFFB-5E00D27939FC}.Debug|Win32.Build.0 = Debug|Win32
		{2D2A92FF-1FB6-4926-AFFB-5E00D27939FC}.Debug|x64.ActiveCfg = Debug|x64
		{2D2A92FF-1FB6-4926-AFFB-5E00D27939FC}.Debug|x64.Build.0 = Debug|x64
		{2D2A92FF-1FB6-4926-AFFB-5E00D27939FC}.Release|Win32.ActiveCfg = Release|Win32
		{2D2A92FF-1FB6-4926-AFFB-5E00D27939FC}.Release|Win32.Build.0 = Release|Win32
		{2D2A92FF-1FB6-4926-AFFB-5E00D27939FC}.Release|x64.ActiveCfg = Release|x64
		{2D2A92FF-1FB6-4926-AFFB-5E00D27939FC}.Release|x64.Build.0 = Release|x64
		{3C1B816A-645C-4E1F-A006-5C47263E59C5}.Debug|Win32.ActiveCfg = Debug|Win32
		{3C1B816A-645C-4E1F-A006-5C47263E59C5}.Debug|Win32.Build.0 = Debug|Win32
		{3C1B816A-645C-4E1F-A006-5C47263E59C5}.Debug|x64.ActiveCfg = Debug|x64
		{3C1B816A-645C-4E1F-A006-5C47263E59C5}.Debug|x64.Build.0 = Debug|x64
		{3C1B816A-645C-4E1F-A006-5C47263E59C5}.Release|Win32.ActiveCfg = Release|Win32
		{3C1B816A-645C-4E1F-A006-5C47263E59C5}.Release|Win32.Build.0 = Release|Win32
		{3C1B816A-645C-4E1F-A006-5C47263E59C5}.Release|x64.ActiveCfg = Release|x64
		{3C1B816A-645C-4E1F-A006-5C47263E59C5}.Release|x64.Build.0 = Release|x64
		{863E6128-1F58-4371-A282-0FCC62DFF747}.Debug|Win32.ActiveCfg = Debug|Win32
		{863E6128-1F58-4371-A282-0FCC62DFF747}.Debug|Win32.Build.0 = Debug|Win32
		{863E6128-1F58-4371-A282-0FCC62DFF747}.Debug|x64.ActiveCfg = Debug|x64
		{863E6128-1F58-4371-A282-0FCC62DFF747}.Debug|x64.Build.0 = Debug|x64
		{863E6128-1F58-4371-A282-0FCC62DFF747}.Release|Win32.ActiveCfg = Release|Win32
		{863E6128-1F58-4371-A282-0FCC62DFF747}.Release|Win32.Build.0 = Release|Win32
		{863E6128-1F58-4371-A282-0FCC62DFF747}.Release|x64.ActiveCfg = Release|x64
		{863E6128-1F58-4371-A282-0FCC62DFF747}.Release|x64.Build.0 = Release|x64
	EndGlobalSection
	GlobalSection(SolutionProperties) = preSolution
		HideSolutionNode = FALSE
	EndGlobalSection
EndGlobal
